
Microsoft Visual Studio Solution File, Format Version 12.00
# Visual Studio Version 16
VisualStudioVersion = 16.0.30611.23
MinimumVisualStudioVersion = 10.0.40219.1
Project("{FAE04EC0-301F-11D3-BF4B-00C04F79EFBC}") = "GPXStyle", "GPXStyle.csproj", "{1C3D31AF-6E97-4831-870B-E65138CD5418}"
EndProject
Global
	GlobalSection(SolutionConfigurationPlatforms) = preSolution
		Debug|Any CPU = Debug|Any CPU
		Release|Any CPU = Release|Any CPU
	EndGlobalSection
	GlobalSection(ProjectConfigurationPlatforms) = postSolution
		{1C3D31AF-6E97-4831-870B-E65138CD5418}.Debug|Any CPU.ActiveCfg = Debug|Any CPU
		{1C3D31AF-6E97-4831-870B-E65138CD5418}.Debug|Any CPU.Build.0 = Debug|Any CPU
		{1C3D31AF-6E97-4831-870B-E65138CD5418}.Release|Any CPU.ActiveCfg = Release|Any CPU
		{1C3D31AF-6E97-4831-870B-E65138CD5418}.Release|Any CPU.Build.0 = Release|Any CPU
	EndGlobalSection
	GlobalSection(SolutionProperties) = preSolution
		HideSolutionNode = FALSE
	EndGlobalSection
	GlobalSection(ExtensibilityGlobals) = postSolution
		SolutionGuid = {4FE8DAFB-DCA5-418C-978F-18F80B007D8A}
	EndGlobalSection
EndGlobal
